
Microsoft Visual Studio Solution File, Format Version 12.00
# Visual Studio Version 16
VisualStudioVersion = 16.0.29519.181
MinimumVisualStudioVersion = 10.0.40219.1
Project("{FAE04EC0-301F-11D3-BF4B-00C04F79EFBC}") = "CSharpTravelKeeper", "CSharpTravelKeeper\CSharpTravelKeeper.csproj", "{AD30387A-B5C8-4B08-B36A-867CB7988C29}"
EndProject
Global
	GlobalSection(SolutionConfigurationPlatforms) = preSolution
		Debug|Any CPU = Debug|Any CPU
		Release|Any CPU = Release|Any CPU
	EndGlobalSection
	GlobalSection(ProjectConfigurationPlatforms) = postSolution
		{AD30387A-B5C8-4B08-B36A-867CB7988C29}.Debug|Any CPU.ActiveCfg = Debug|Any CPU
		{AD30387A-B5C8-4B08-B36A-867CB7988C29}.Debug|Any CPU.Build.0 = Debug|Any CPU
		{AD30387A-B5C8-4B08-B36A-867CB7988C29}.Release|Any CPU.ActiveCfg = Release|Any CPU
		{AD30387A-B5C8-4B08-B36A-867CB7988C29}.Release|Any CPU.Build.0 = Release|Any CPU
	EndGlobalSection
	GlobalSection(SolutionProperties) = preSolution
		HideSolutionNode = FALSE
	EndGlobalSection
	GlobalSection(ExtensibilityGlobals) = postSolution
		SolutionGuid = {E5765EC3-BD47-4401-BE52-3A4FFBE211CE}
	EndGlobalSection
EndGlobal
